// !$*UTF8*$!
{
	archiveVersion = 1;
	classes = {
	};
	objectVersion = 48;
	objects = {

/* Begin PBXBuildFile section */
		67471FC820A072AB007026CA /* RowsUpdateTranslationMatrix.swift in Sources */ = {isa = PBXBuildFile; fileRef = 67471FC720A072AB007026CA /* RowsUpdateTranslationMatrix.swift */; };
		67471FE320A07F6E007026CA /* Placeholders_CoreData.h in Headers */ = {isa = PBXBuildFile; fileRef = 67471FE120A07F6E007026CA /* Placeholders_CoreData.h */; settings = {ATTRIBUTES = (Public, ); }; };
		67471FE820A07FCA007026CA /* Placeholders_CoreData.framework in Frameworks */ = {isa = PBXBuildFile; fileRef = 67471FDF20A07F6E007026CA /* Placeholders_CoreData.framework */; };
		67471FE920A07FCA007026CA /* Placeholders_CoreData.framework in Embed Frameworks */ = {isa = PBXBuildFile; fileRef = 67471FDF20A07F6E007026CA /* Placeholders_CoreData.framework */; settings = {ATTRIBUTES = (CodeSignOnCopy, RemoveHeadersOnCopy, ); }; };
		67471FEE20A07FDB007026CA /* CoreData.framework in Frameworks */ = {isa = PBXBuildFile; fileRef = 67471FED20A07FDB007026CA /* CoreData.framework */; };
		67471FEF20A07FDF007026CA /* Placeholders.framework in Frameworks */ = {isa = PBXBuildFile; fileRef = 67F50EC1209A0285007942EF /* Placeholders.framework */; };
		67471FF120A080C9007026CA /* CoreDataObserver.swift in Sources */ = {isa = PBXBuildFile; fileRef = 67471FF020A080C9007026CA /* CoreDataObserver.swift */; };
		67471FF920A1F1B7007026CA /* AppDelegate.swift in Sources */ = {isa = PBXBuildFile; fileRef = 67471FF820A1F1B7007026CA /* AppDelegate.swift */; };
		67471FFB20A1F1B7007026CA /* ViewController.swift in Sources */ = {isa = PBXBuildFile; fileRef = 67471FFA20A1F1B7007026CA /* ViewController.swift */; };
		67471FFE20A1F1B7007026CA /* Main.storyboard in Resources */ = {isa = PBXBuildFile; fileRef = 67471FFC20A1F1B7007026CA /* Main.storyboard */; };
		6747200120A1F1B7007026CA /* ExampleCoreData.xcdatamodeld in Sources */ = {isa = PBXBuildFile; fileRef = 67471FFF20A1F1B7007026CA /* ExampleCoreData.xcdatamodeld */; };
		6747200320A1F1B8007026CA /* Assets.xcassets in Resources */ = {isa = PBXBuildFile; fileRef = 6747200220A1F1B8007026CA /* Assets.xcassets */; };
		6747200620A1F1B8007026CA /* LaunchScreen.storyboard in Resources */ = {isa = PBXBuildFile; fileRef = 6747200420A1F1B8007026CA /* LaunchScreen.storyboard */; };
		6747200B20A1F266007026CA /* Placeholders_CoreData.framework in Frameworks */ = {isa = PBXBuildFile; fileRef = 67471FDF20A07F6E007026CA /* Placeholders_CoreData.framework */; };
		6747200C20A1F26B007026CA /* Placeholders.framework in Frameworks */ = {isa = PBXBuildFile; fileRef = 67F50EC1209A0285007942EF /* Placeholders.framework */; };
		6747200D20A1F277007026CA /* CoreData.framework in Frameworks */ = {isa = PBXBuildFile; fileRef = 67471FED20A07FDB007026CA /* CoreData.framework */; };
		675CBFF4201B60A700D97072 /* AppDelegate.swift in Sources */ = {isa = PBXBuildFile; fileRef = 675CBFF3201B60A700D97072 /* AppDelegate.swift */; };
		675CBFF6201B60A700D97072 /* ViewController.swift in Sources */ = {isa = PBXBuildFile; fileRef = 675CBFF5201B60A700D97072 /* ViewController.swift */; };
		675CBFF9201B60A700D97072 /* Main.storyboard in Resources */ = {isa = PBXBuildFile; fileRef = 675CBFF7201B60A700D97072 /* Main.storyboard */; };
		675CBFFB201B60A700D97072 /* Assets.xcassets in Resources */ = {isa = PBXBuildFile; fileRef = 675CBFFA201B60A700D97072 /* Assets.xcassets */; };
		675CBFFE201B60A700D97072 /* LaunchScreen.storyboard in Resources */ = {isa = PBXBuildFile; fileRef = 675CBFFC201B60A700D97072 /* LaunchScreen.storyboard */; };
		67F50ED3209A0285007942EF /* Placeholders.h in Headers */ = {isa = PBXBuildFile; fileRef = 67F50EC3209A0285007942EF /* Placeholders.h */; settings = {ATTRIBUTES = (Public, ); }; };
		67F50ED6209A0285007942EF /* Placeholders.framework in Frameworks */ = {isa = PBXBuildFile; fileRef = 67F50EC1209A0285007942EF /* Placeholders.framework */; };
		67F50ED8209A0285007942EF /* Placeholders.framework in Embed Frameworks */ = {isa = PBXBuildFile; fileRef = 67F50EC1209A0285007942EF /* Placeholders.framework */; settings = {ATTRIBUTES = (CodeSignOnCopy, RemoveHeadersOnCopy, ); }; };
		67F50EDF209A0310007942EF /* PlaceholderUtils.swift in Sources */ = {isa = PBXBuildFile; fileRef = A1FD5727201CDB14006C25C1 /* PlaceholderUtils.swift */; };
		67F50EE0209A0310007942EF /* WeakArray.swift in Sources */ = {isa = PBXBuildFile; fileRef = 6754F8902063F057000F19C4 /* WeakArray.swift */; };
		67F50EE1209A0310007942EF /* PassthroughWindow.swift in Sources */ = {isa = PBXBuildFile; fileRef = 6749F18D2080F52700F5B861 /* PassthroughWindow.swift */; };
		67F50EE2209A0310007942EF /* PassthroughView.swift in Sources */ = {isa = PBXBuildFile; fileRef = A141939520836A370087201D /* PassthroughView.swift */; };
		67F50EE3209A0317007942EF /* RowsProvider.swift in Sources */ = {isa = PBXBuildFile; fileRef = 675CC009201F581800D97072 /* RowsProvider.swift */; };
		67F50EE4209A0317007942EF /* RowsProvider+FromArray.swift in Sources */ = {isa = PBXBuildFile; fileRef = 673101992021FE5E00D84501 /* RowsProvider+FromArray.swift */; };
		67F50EE5209A0317007942EF /* RowsProvider+ToArray.swift in Sources */ = {isa = PBXBuildFile; fileRef = 6731019B2021FFA300D84501 /* RowsProvider+ToArray.swift */; };
		67F50EE6209A0317007942EF /* RowsUpdateDelegate.swift in Sources */ = {isa = PBXBuildFile; fileRef = 672B9FED2024AAB7006268B7 /* RowsUpdateDelegate.swift */; };
		67F50EE8209A031C007942EF /* SectionsProvider.swift in Sources */ = {isa = PBXBuildFile; fileRef = 672B9FEF2024B58D006268B7 /* SectionsProvider.swift */; };
		67F50EE9209A0320007942EF /* AnyView.swift in Sources */ = {isa = PBXBuildFile; fileRef = 675CC007201B61A800D97072 /* AnyView.swift */; };
		67F50EEA209A0320007942EF /* CellGenerator.swift in Sources */ = {isa = PBXBuildFile; fileRef = 673101932021DAE800D84501 /* CellGenerator.swift */; };
		67F50EEE209A0328007942EF /* PlaceholderTable.storyboard in Resources */ = {isa = PBXBuildFile; fileRef = A1FD572E201E0100006C25C1 /* PlaceholderTable.storyboard */; };
		67F50EEF209A0328007942EF /* PlaceholderTableVC.swift in Sources */ = {isa = PBXBuildFile; fileRef = A1FD572F201E0100006C25C1 /* PlaceholderTableVC.swift */; };
		67F50EF0209A0328007942EF /* TableViewCellGenerator.swift in Sources */ = {isa = PBXBuildFile; fileRef = 673101962021F63E00D84501 /* TableViewCellGenerator.swift */; };
		67F50EF1209A032D007942EF /* PlaceholderTableViewCell.xib in Resources */ = {isa = PBXBuildFile; fileRef = A1FD5730201E0100006C25C1 /* PlaceholderTableViewCell.xib */; };
		67F50EF2209A032D007942EF /* PlaceholderTableViewCell.swift in Sources */ = {isa = PBXBuildFile; fileRef = A1FD572D201E0100006C25C1 /* PlaceholderTableViewCell.swift */; };
		67F50EF3209A0331007942EF /* PlaceholderView.swift in Sources */ = {isa = PBXBuildFile; fileRef = A1FD572B201CDF1D006C25C1 /* PlaceholderView.swift */; };
		67F50EF4209A0338007942EF /* PlaceholderVC.swift in Sources */ = {isa = PBXBuildFile; fileRef = 6749F18F2080F60900F5B861 /* PlaceholderVC.swift */; };
		67F50EF5209A0338007942EF /* AnyView+ShowPopup.swift in Sources */ = {isa = PBXBuildFile; fileRef = A14193982083706D0087201D /* AnyView+ShowPopup.swift */; };
		67F50EF6209A0338007942EF /* PlaceholderVC.storyboard in Resources */ = {isa = PBXBuildFile; fileRef = 6749F1882080F42000F5B861 /* PlaceholderVC.storyboard */; };
/* End PBXBuildFile section */

/* Begin PBXContainerItemProxy section */
		67471FEA20A07FCA007026CA /* PBXContainerItemProxy */ = {
			isa = PBXContainerItemProxy;
			containerPortal = 675CBFE8201B60A700D97072 /* Project object */;
			proxyType = 1;
			remoteGlobalIDString = 67471FDE20A07F6E007026CA;
			remoteInfo = "Placeholders+CoreData";
		};
		67F50ED4209A0285007942EF /* PBXContainerItemProxy */ = {
			isa = PBXContainerItemProxy;
			containerPortal = 675CBFE8201B60A700D97072 /* Project object */;
			proxyType = 1;
			remoteGlobalIDString = 67F50EC0209A0285007942EF;
			remoteInfo = Placeholder;
		};
/* End PBXContainerItemProxy section */

/* Begin PBXCopyFilesBuildPhase section */
		67F50ED7209A0285007942EF /* Embed Frameworks */ = {
			isa = PBXCopyFilesBuildPhase;
			buildActionMask = 2147483647;
			dstPath = "";
			dstSubfolderSpec = 10;
			files = (
				67F50ED8209A0285007942EF /* Placeholders.framework in Embed Frameworks */,
				67471FE920A07FCA007026CA /* Placeholders_CoreData.framework in Embed Frameworks */,
			);
			name = "Embed Frameworks";
			runOnlyForDeploymentPostprocessing = 0;
		};
/* End PBXCopyFilesBuildPhase section */

/* Begin PBXFileReference section */
		672B9FED2024AAB7006268B7 /* RowsUpdateDelegate.swift */ = {isa = PBXFileReference; lastKnownFileType = sourcecode.swift; path = RowsUpdateDelegate.swift; sourceTree = "<group>"; };
		672B9FEF2024B58D006268B7 /* SectionsProvider.swift */ = {isa = PBXFileReference; lastKnownFileType = sourcecode.swift; path = SectionsProvider.swift; sourceTree = "<group>"; };
		673101932021DAE800D84501 /* CellGenerator.swift */ = {isa = PBXFileReference; lastKnownFileType = sourcecode.swift; path = CellGenerator.swift; sourceTree = "<group>"; };
		673101962021F63E00D84501 /* TableViewCellGenerator.swift */ = {isa = PBXFileReference; lastKnownFileType = sourcecode.swift; path = TableViewCellGenerator.swift; sourceTree = "<group>"; };
		673101992021FE5E00D84501 /* RowsProvider+FromArray.swift */ = {isa = PBXFileReference; lastKnownFileType = sourcecode.swift; path = "RowsProvider+FromArray.swift"; sourceTree = "<group>"; };
		6731019B2021FFA300D84501 /* RowsProvider+ToArray.swift */ = {isa = PBXFileReference; lastKnownFileType = sourcecode.swift; path = "RowsProvider+ToArray.swift"; sourceTree = "<group>"; };
		67471FC720A072AB007026CA /* RowsUpdateTranslationMatrix.swift */ = {isa = PBXFileReference; lastKnownFileType = sourcecode.swift; path = RowsUpdateTranslationMatrix.swift; sourceTree = "<group>"; };
		67471FDF20A07F6E007026CA /* Placeholders_CoreData.framework */ = {isa = PBXFileReference; explicitFileType = wrapper.framework; includeInIndex = 0; path = Placeholders_CoreData.framework; sourceTree = BUILT_PRODUCTS_DIR; };
		67471FE120A07F6E007026CA /* Placeholders_CoreData.h */ = {isa = PBXFileReference; lastKnownFileType = sourcecode.c.h; path = Placeholders_CoreData.h; sourceTree = "<group>"; };
		67471FE220A07F6E007026CA /* Info.plist */ = {isa = PBXFileReference; lastKnownFileType = text.plist.xml; path = Info.plist; sourceTree = "<group>"; };
		67471FED20A07FDB007026CA /* CoreData.framework */ = {isa = PBXFileReference; lastKnownFileType = wrapper.framework; name = CoreData.framework; path = System/Library/Frameworks/CoreData.framework; sourceTree = SDKROOT; };
		67471FF020A080C9007026CA /* CoreDataObserver.swift */ = {isa = PBXFileReference; lastKnownFileType = sourcecode.swift; path = CoreDataObserver.swift; sourceTree = "<group>"; };
		67471FF620A1F1B7007026CA /* ExampleCoreData.app */ = {isa = PBXFileReference; explicitFileType = wrapper.application; includeInIndex = 0; path = ExampleCoreData.app; sourceTree = BUILT_PRODUCTS_DIR; };
		67471FF820A1F1B7007026CA /* AppDelegate.swift */ = {isa = PBXFileReference; lastKnownFileType = sourcecode.swift; path = AppDelegate.swift; sourceTree = "<group>"; };
		67471FFA20A1F1B7007026CA /* ViewController.swift */ = {isa = PBXFileReference; lastKnownFileType = sourcecode.swift; path = ViewController.swift; sourceTree = "<group>"; };
		67471FFD20A1F1B7007026CA /* Base */ = {isa = PBXFileReference; lastKnownFileType = file.storyboard; name = Base; path = Base.lproj/Main.storyboard; sourceTree = "<group>"; };
		6747200020A1F1B7007026CA /* ExampleCoreData.xcdatamodel */ = {isa = PBXFileReference; lastKnownFileType = wrapper.xcdatamodel; path = ExampleCoreData.xcdatamodel; sourceTree = "<group>"; };
		6747200220A1F1B8007026CA /* Assets.xcassets */ = {isa = PBXFileReference; lastKnownFileType = folder.assetcatalog; path = Assets.xcassets; sourceTree = "<group>"; };
		6747200520A1F1B8007026CA /* Base */ = {isa = PBXFileReference; lastKnownFileType = file.storyboard; name = Base; path = Base.lproj/LaunchScreen.storyboard; sourceTree = "<group>"; };
		6747200720A1F1B8007026CA /* Info.plist */ = {isa = PBXFileReference; lastKnownFileType = text.plist.xml; path = Info.plist; sourceTree = "<group>"; };
		6749F1882080F42000F5B861 /* PlaceholderVC.storyboard */ = {isa = PBXFileReference; fileEncoding = 4; lastKnownFileType = file.storyboard; path = PlaceholderVC.storyboard; sourceTree = "<group>"; };
		6749F18D2080F52700F5B861 /* PassthroughWindow.swift */ = {isa = PBXFileReference; lastKnownFileType = sourcecode.swift; path = PassthroughWindow.swift; sourceTree = "<group>"; };
		6749F18F2080F60900F5B861 /* PlaceholderVC.swift */ = {isa = PBXFileReference; lastKnownFileType = sourcecode.swift; path = PlaceholderVC.swift; sourceTree = "<group>"; };
		6754F8902063F057000F19C4 /* WeakArray.swift */ = {isa = PBXFileReference; lastKnownFileType = sourcecode.swift; path = WeakArray.swift; sourceTree = "<group>"; };
		675CBFF0201B60A700D97072 /* ExampleSimple.app */ = {isa = PBXFileReference; explicitFileType = wrapper.application; includeInIndex = 0; path = ExampleSimple.app; sourceTree = BUILT_PRODUCTS_DIR; };
		675CBFF3201B60A700D97072 /* AppDelegate.swift */ = {isa = PBXFileReference; lastKnownFileType = sourcecode.swift; path = AppDelegate.swift; sourceTree = "<group>"; };
		675CBFF5201B60A700D97072 /* ViewController.swift */ = {isa = PBXFileReference; lastKnownFileType = sourcecode.swift; path = ViewController.swift; sourceTree = "<group>"; };
		675CBFF8201B60A700D97072 /* Base */ = {isa = PBXFileReference; lastKnownFileType = file.storyboard; name = Base; path = Base.lproj/Main.storyboard; sourceTree = "<group>"; };
		675CBFFA201B60A700D97072 /* Assets.xcassets */ = {isa = PBXFileReference; lastKnownFileType = folder.assetcatalog; path = Assets.xcassets; sourceTree = "<group>"; };
		675CBFFD201B60A700D97072 /* Base */ = {isa = PBXFileReference; lastKnownFileType = file.storyboard; name = Base; path = Base.lproj/LaunchScreen.storyboard; sourceTree = "<group>"; };
		675CBFFF201B60A700D97072 /* Info.plist */ = {isa = PBXFileReference; lastKnownFileType = text.plist.xml; path = Info.plist; sourceTree = "<group>"; };
		675CC007201B61A800D97072 /* AnyView.swift */ = {isa = PBXFileReference; lastKnownFileType = sourcecode.swift; path = AnyView.swift; sourceTree = "<group>"; };
		675CC009201F581800D97072 /* RowsProvider.swift */ = {isa = PBXFileReference; lastKnownFileType = sourcecode.swift; path = RowsProvider.swift; sourceTree = "<group>"; };
		67F50EC1209A0285007942EF /* Placeholders.framework */ = {isa = PBXFileReference; explicitFileType = wrapper.framework; includeInIndex = 0; path = Placeholders.framework; sourceTree = BUILT_PRODUCTS_DIR; };
		67F50EC3209A0285007942EF /* Placeholders.h */ = {isa = PBXFileReference; lastKnownFileType = sourcecode.c.h; path = Placeholders.h; sourceTree = "<group>"; };
		67F50EC4209A0285007942EF /* Info.plist */ = {isa = PBXFileReference; lastKnownFileType = text.plist.xml; path = Info.plist; sourceTree = "<group>"; };
		A141939520836A370087201D /* PassthroughView.swift */ = {isa = PBXFileReference; lastKnownFileType = sourcecode.swift; path = PassthroughView.swift; sourceTree = "<group>"; };
		A14193982083706D0087201D /* AnyView+ShowPopup.swift */ = {isa = PBXFileReference; lastKnownFileType = sourcecode.swift; path = "AnyView+ShowPopup.swift"; sourceTree = "<group>"; };
		A1FD5727201CDB14006C25C1 /* PlaceholderUtils.swift */ = {isa = PBXFileReference; lastKnownFileType = sourcecode.swift; path = PlaceholderUtils.swift; sourceTree = "<group>"; };
		A1FD572B201CDF1D006C25C1 /* PlaceholderView.swift */ = {isa = PBXFileReference; fileEncoding = 4; lastKnownFileType = sourcecode.swift; path = PlaceholderView.swift; sourceTree = "<group>"; };
		A1FD572D201E0100006C25C1 /* PlaceholderTableViewCell.swift */ = {isa = PBXFileReference; fileEncoding = 4; lastKnownFileType = sourcecode.swift; path = PlaceholderTableViewCell.swift; sourceTree = "<group>"; };
		A1FD572E201E0100006C25C1 /* PlaceholderTable.storyboard */ = {isa = PBXFileReference; fileEncoding = 4; lastKnownFileType = file.storyboard; path = PlaceholderTable.storyboard; sourceTree = "<group>"; };
		A1FD572F201E0100006C25C1 /* PlaceholderTableVC.swift */ = {isa = PBXFileReference; fileEncoding = 4; lastKnownFileType = sourcecode.swift; path = PlaceholderTableVC.swift; sourceTree = "<group>"; };
		A1FD5730201E0100006C25C1 /* PlaceholderTableViewCell.xib */ = {isa = PBXFileReference; fileEncoding = 4; lastKnownFileType = file.xib; path = PlaceholderTableViewCell.xib; sourceTree = "<group>"; };
/* End PBXFileReference section */

/* Begin PBXFrameworksBuildPhase section */
		67471FDB20A07F6E007026CA /* Frameworks */ = {
			isa = PBXFrameworksBuildPhase;
			buildActionMask = 2147483647;
			files = (
				67471FEF20A07FDF007026CA /* Placeholders.framework in Frameworks */,
				67471FEE20A07FDB007026CA /* CoreData.framework in Frameworks */,
			);
			runOnlyForDeploymentPostprocessing = 0;
		};
		67471FF320A1F1B7007026CA /* Frameworks */ = {
			isa = PBXFrameworksBuildPhase;
			buildActionMask = 2147483647;
			files = (
				6747200D20A1F277007026CA /* CoreData.framework in Frameworks */,
				6747200C20A1F26B007026CA /* Placeholders.framework in Frameworks */,
				6747200B20A1F266007026CA /* Placeholders_CoreData.framework in Frameworks */,
			);
			runOnlyForDeploymentPostprocessing = 0;
		};
		675CBFED201B60A700D97072 /* Frameworks */ = {
			isa = PBXFrameworksBuildPhase;
			buildActionMask = 2147483647;
			files = (
				67F50ED6209A0285007942EF /* Placeholders.framework in Frameworks */,
				67471FE820A07FCA007026CA /* Placeholders_CoreData.framework in Frameworks */,
			);
			runOnlyForDeploymentPostprocessing = 0;
		};
		67F50EBD209A0285007942EF /* Frameworks */ = {
			isa = PBXFrameworksBuildPhase;
			buildActionMask = 2147483647;
			files = (
			);
			runOnlyForDeploymentPostprocessing = 0;
		};
/* End PBXFrameworksBuildPhase section */

/* Begin PBXGroup section */
		673101952021DCA100D84501 /* Abstracts */ = {
			isa = PBXGroup;
			children = (
				6749F1852080D27600F5B861 /* Structures */,
				6749F1842080D26100F5B861 /* Type */,
			);
			path = Abstracts;
			sourceTree = "<group>";
		};
		67471FE020A07F6E007026CA /* Placeholders+CoreData */ = {
			isa = PBXGroup;
			children = (
				67471FF020A080C9007026CA /* CoreDataObserver.swift */,
				67471FE120A07F6E007026CA /* Placeholders_CoreData.h */,
				67471FE220A07F6E007026CA /* Info.plist */,
			);
			path = "Placeholders+CoreData";
			sourceTree = "<group>";
		};
		67471FEC20A07FDB007026CA /* Frameworks */ = {
			isa = PBXGroup;
			children = (
				67471FED20A07FDB007026CA /* CoreData.framework */,
			);
			name = Frameworks;
			sourceTree = "<group>";
		};
		67471FF720A1F1B7007026CA /* ExampleCoreData */ = {
			isa = PBXGroup;
			children = (
				67471FF820A1F1B7007026CA /* AppDelegate.swift */,
				67471FFA20A1F1B7007026CA /* ViewController.swift */,
				67471FFC20A1F1B7007026CA /* Main.storyboard */,
				6747200220A1F1B8007026CA /* Assets.xcassets */,
				6747200420A1F1B8007026CA /* LaunchScreen.storyboard */,
				6747200720A1F1B8007026CA /* Info.plist */,
				67471FFF20A1F1B7007026CA /* ExampleCoreData.xcdatamodeld */,
			);
			path = ExampleCoreData;
			sourceTree = "<group>";
		};
		6749F1842080D26100F5B861 /* Type */ = {
			isa = PBXGroup;
			children = (
				675CC007201B61A800D97072 /* AnyView.swift */,
				673101932021DAE800D84501 /* CellGenerator.swift */,
			);
			path = Type;
			sourceTree = "<group>";
		};
		6749F1852080D27600F5B861 /* Structures */ = {
			isa = PBXGroup;
			children = (
				6749F1862080F14600F5B861 /* RowsProvider */,
				672B9FEF2024B58D006268B7 /* SectionsProvider.swift */,
			);
			path = Structures;
			sourceTree = "<group>";
		};
		6749F1862080F14600F5B861 /* RowsProvider */ = {
			isa = PBXGroup;
			children = (
				675CC009201F581800D97072 /* RowsProvider.swift */,
				673101992021FE5E00D84501 /* RowsProvider+FromArray.swift */,
				6731019B2021FFA300D84501 /* RowsProvider+ToArray.swift */,
				672B9FED2024AAB7006268B7 /* RowsUpdateDelegate.swift */,
				67471FC720A072AB007026CA /* RowsUpdateTranslationMatrix.swift */,
			);
			path = RowsProvider;
			sourceTree = "<group>";
		};
		6749F1872080F21400F5B861 /* Popups */ = {
			isa = PBXGroup;
			children = (
				6749F18F2080F60900F5B861 /* PlaceholderVC.swift */,
				A14193982083706D0087201D /* AnyView+ShowPopup.swift */,
				6749F1882080F42000F5B861 /* PlaceholderVC.storyboard */,
			);
			path = Popups;
			sourceTree = "<group>";
		};
		675CBFE7201B60A700D97072 = {
			isa = PBXGroup;
			children = (
				675CBFF2201B60A700D97072 /* ExampleSimple */,
				67471FF720A1F1B7007026CA /* ExampleCoreData */,
				67F50EC2209A0285007942EF /* Placeholders */,
				67471FE020A07F6E007026CA /* Placeholders+CoreData */,
				675CBFF1201B60A700D97072 /* Products */,
				67471FEC20A07FDB007026CA /* Frameworks */,
			);
			sourceTree = "<group>";
		};
		675CBFF1201B60A700D97072 /* Products */ = {
			isa = PBXGroup;
			children = (
				675CBFF0201B60A700D97072 /* ExampleSimple.app */,
				67F50EC1209A0285007942EF /* Placeholders.framework */,
				67471FDF20A07F6E007026CA /* Placeholders_CoreData.framework */,
				67471FF620A1F1B7007026CA /* ExampleCoreData.app */,
			);
			name = Products;
			sourceTree = "<group>";
		};
		675CBFF2201B60A700D97072 /* ExampleSimple */ = {
			isa = PBXGroup;
			children = (
				675CBFF3201B60A700D97072 /* AppDelegate.swift */,
				675CBFF5201B60A700D97072 /* ViewController.swift */,
				675CBFF7201B60A700D97072 /* Main.storyboard */,
				675CBFFA201B60A700D97072 /* Assets.xcassets */,
				675CBFFC201B60A700D97072 /* LaunchScreen.storyboard */,
				675CBFFF201B60A700D97072 /* Info.plist */,
			);
			path = ExampleSimple;
			sourceTree = "<group>";
		};
		675CC00B201F6AE500D97072 /* TableViewCell */ = {
			isa = PBXGroup;
			children = (
				A1FD5730201E0100006C25C1 /* PlaceholderTableViewCell.xib */,
				A1FD572D201E0100006C25C1 /* PlaceholderTableViewCell.swift */,
			);
			path = TableViewCell;
			sourceTree = "<group>";
		};
		67F50EC2209A0285007942EF /* Placeholders */ = {
			isa = PBXGroup;
			children = (
				A141939A208373600087201D /* Utils */,
				673101952021DCA100D84501 /* Abstracts */,
				A1FD572A201CDCE3006C25C1 /* TableViewContainer */,
				675CC00B201F6AE500D97072 /* TableViewCell */,
				A1FD5729201CDCC7006C25C1 /* ViewContainer */,
				6749F1872080F21400F5B861 /* Popups */,
				67F50EC3209A0285007942EF /* Placeholders.h */,
				67F50EC4209A0285007942EF /* Info.plist */,
			);
			path = Placeholders;
			sourceTree = "<group>";
		};
		A141939A208373600087201D /* Utils */ = {
			isa = PBXGroup;
			children = (
				A1FD5727201CDB14006C25C1 /* PlaceholderUtils.swift */,
				6754F8902063F057000F19C4 /* WeakArray.swift */,
				6749F18D2080F52700F5B861 /* PassthroughWindow.swift */,
				A141939520836A370087201D /* PassthroughView.swift */,
			);
			path = Utils;
			sourceTree = "<group>";
		};
		A1FD5729201CDCC7006C25C1 /* ViewContainer */ = {
			isa = PBXGroup;
			children = (
				A1FD572B201CDF1D006C25C1 /* PlaceholderView.swift */,
			);
			path = ViewContainer;
			sourceTree = "<group>";
		};
		A1FD572A201CDCE3006C25C1 /* TableViewContainer */ = {
			isa = PBXGroup;
			children = (
				A1FD572E201E0100006C25C1 /* PlaceholderTable.storyboard */,
				A1FD572F201E0100006C25C1 /* PlaceholderTableVC.swift */,
				673101962021F63E00D84501 /* TableViewCellGenerator.swift */,
			);
			path = TableViewContainer;
			sourceTree = "<group>";
		};
/* End PBXGroup section */

/* Begin PBXHeadersBuildPhase section */
		67471FDC20A07F6E007026CA /* Headers */ = {
			isa = PBXHeadersBuildPhase;
			buildActionMask = 2147483647;
			files = (
				67471FE320A07F6E007026CA /* Placeholders_CoreData.h in Headers */,
			);
			runOnlyForDeploymentPostprocessing = 0;
		};
		67F50EBE209A0285007942EF /* Headers */ = {
			isa = PBXHeadersBuildPhase;
			buildActionMask = 2147483647;
			files = (
				67F50ED3209A0285007942EF /* Placeholders.h in Headers */,
			);
			runOnlyForDeploymentPostprocessing = 0;
		};
/* End PBXHeadersBuildPhase section */

/* Begin PBXNativeTarget section */
		67471FDE20A07F6E007026CA /* Placeholders+CoreData */ = {
			isa = PBXNativeTarget;
			buildConfigurationList = 67471FE420A07F6E007026CA /* Build configuration list for PBXNativeTarget "Placeholders+CoreData" */;
			buildPhases = (
				67471FDA20A07F6E007026CA /* Sources */,
				67471FDB20A07F6E007026CA /* Frameworks */,
				67471FDC20A07F6E007026CA /* Headers */,
				67471FDD20A07F6E007026CA /* Resources */,
			);
			buildRules = (
			);
			dependencies = (
			);
			name = "Placeholders+CoreData";
			productName = "Placeholders+CoreData";
			productReference = 67471FDF20A07F6E007026CA /* Placeholders_CoreData.framework */;
			productType = "com.apple.product-type.framework";
		};
		67471FF520A1F1B7007026CA /* ExampleCoreData */ = {
			isa = PBXNativeTarget;
			buildConfigurationList = 6747200820A1F1B8007026CA /* Build configuration list for PBXNativeTarget "ExampleCoreData" */;
			buildPhases = (
				67471FF220A1F1B7007026CA /* Sources */,
				67471FF320A1F1B7007026CA /* Frameworks */,
				67471FF420A1F1B7007026CA /* Resources */,
			);
			buildRules = (
			);
			dependencies = (
			);
			name = ExampleCoreData;
			productName = ExampleCoreData;
			productReference = 67471FF620A1F1B7007026CA /* ExampleCoreData.app */;
			productType = "com.apple.product-type.application";
		};
		675CBFEF201B60A700D97072 /* ExampleSimple */ = {
			isa = PBXNativeTarget;
			buildConfigurationList = 675CC002201B60A700D97072 /* Build configuration list for PBXNativeTarget "ExampleSimple" */;
			buildPhases = (
				675CBFEC201B60A700D97072 /* Sources */,
				675CBFED201B60A700D97072 /* Frameworks */,
				675CBFEE201B60A700D97072 /* Resources */,
				67F50ED7209A0285007942EF /* Embed Frameworks */,
			);
			buildRules = (
			);
			dependencies = (
				67F50ED5209A0285007942EF /* PBXTargetDependency */,
				67471FEB20A07FCA007026CA /* PBXTargetDependency */,
			);
			name = ExampleSimple;
			productName = Tablevc;
			productReference = 675CBFF0201B60A700D97072 /* ExampleSimple.app */;
			productType = "com.apple.product-type.application";
		};
		67F50EC0209A0285007942EF /* Placeholders */ = {
			isa = PBXNativeTarget;
			buildConfigurationList = 67F50EDD209A0285007942EF /* Build configuration list for PBXNativeTarget "Placeholders" */;
			buildPhases = (
				67F50EBC209A0285007942EF /* Sources */,
				67F50EBD209A0285007942EF /* Frameworks */,
				67F50EBE209A0285007942EF /* Headers */,
				67F50EBF209A0285007942EF /* Resources */,
			);
			buildRules = (
			);
			dependencies = (
			);
			name = Placeholders;
			productName = Placeholder;
			productReference = 67F50EC1209A0285007942EF /* Placeholders.framework */;
			productType = "com.apple.product-type.framework";
		};
/* End PBXNativeTarget section */

/* Begin PBXProject section */
		675CBFE8201B60A700D97072 /* Project object */ = {
			isa = PBXProject;
			attributes = {
				LastSwiftUpdateCheck = 0930;
				LastUpgradeCheck = 0930;
				ORGANIZATIONNAME = "Oleksii Horishnii";
				TargetAttributes = {
					67471FDE20A07F6E007026CA = {
						CreatedOnToolsVersion = 9.3;
						LastSwiftMigration = 0930;
						ProvisioningStyle = Automatic;
					};
					67471FF520A1F1B7007026CA = {
						CreatedOnToolsVersion = 9.3;
						ProvisioningStyle = Automatic;
					};
					675CBFEF201B60A700D97072 = {
						CreatedOnToolsVersion = 9.2;
						LastSwiftMigration = 0920;
						ProvisioningStyle = Automatic;
					};
					67F50EC0209A0285007942EF = {
						CreatedOnToolsVersion = 9.3;
						ProvisioningStyle = Automatic;
					};
				};
			};
			buildConfigurationList = 675CBFEB201B60A700D97072 /* Build configuration list for PBXProject "Placeholders" */;
			compatibilityVersion = "Xcode 8.0";
			developmentRegion = en;
			hasScannedForEncodings = 0;
			knownRegions = (
				en,
				Base,
			);
			mainGroup = 675CBFE7201B60A700D97072;
			productRefGroup = 675CBFF1201B60A700D97072 /* Products */;
			projectDirPath = "";
			projectRoot = "";
			targets = (
				675CBFEF201B60A700D97072 /* ExampleSimple */,
				67471FF520A1F1B7007026CA /* ExampleCoreData */,
				67F50EC0209A0285007942EF /* Placeholders */,
				67471FDE20A07F6E007026CA /* Placeholders+CoreData */,
			);
		};
/* End PBXProject section */

/* Begin PBXResourcesBuildPhase section */
		67471FDD20A07F6E007026CA /* Resources */ = {
			isa = PBXResourcesBuildPhase;
			buildActionMask = 2147483647;
			files = (
			);
			runOnlyForDeploymentPostprocessing = 0;
		};
		67471FF420A1F1B7007026CA /* Resources */ = {
			isa = PBXResourcesBuildPhase;
			buildActionMask = 2147483647;
			files = (
				6747200620A1F1B8007026CA /* LaunchScreen.storyboard in Resources */,
				6747200320A1F1B8007026CA /* Assets.xcassets in Resources */,
				67471FFE20A1F1B7007026CA /* Main.storyboard in Resources */,
			);
			runOnlyForDeploymentPostprocessing = 0;
		};
		675CBFEE201B60A700D97072 /* Resources */ = {
			isa = PBXResourcesBuildPhase;
			buildActionMask = 2147483647;
			files = (
				675CBFFE201B60A700D97072 /* LaunchScreen.storyboard in Resources */,
				675CBFFB201B60A700D97072 /* Assets.xcassets in Resources */,
				675CBFF9201B60A700D97072 /* Main.storyboard in Resources */,
			);
			runOnlyForDeploymentPostprocessing = 0;
		};
		67F50EBF209A0285007942EF /* Resources */ = {
			isa = PBXResourcesBuildPhase;
			buildActionMask = 2147483647;
			files = (
				67F50EF6209A0338007942EF /* PlaceholderVC.storyboard in Resources */,
				67F50EEE209A0328007942EF /* PlaceholderTable.storyboard in Resources */,
				67F50EF1209A032D007942EF /* PlaceholderTableViewCell.xib in Resources */,
			);
			runOnlyForDeploymentPostprocessing = 0;
		};
/* End PBXResourcesBuildPhase section */

/* Begin PBXSourcesBuildPhase section */
		67471FDA20A07F6E007026CA /* Sources */ = {
			isa = PBXSourcesBuildPhase;
			buildActionMask = 2147483647;
			files = (
				67471FF120A080C9007026CA /* CoreDataObserver.swift in Sources */,
			);
			runOnlyForDeploymentPostprocessing = 0;
		};
		67471FF220A1F1B7007026CA /* Sources */ = {
			isa = PBXSourcesBuildPhase;
			buildActionMask = 2147483647;
			files = (
				67471FFB20A1F1B7007026CA /* ViewController.swift in Sources */,
				67471FF920A1F1B7007026CA /* AppDelegate.swift in Sources */,
				6747200120A1F1B7007026CA /* ExampleCoreData.xcdatamodeld in Sources */,
			);
			runOnlyForDeploymentPostprocessing = 0;
		};
		675CBFEC201B60A700D97072 /* Sources */ = {
			isa = PBXSourcesBuildPhase;
			buildActionMask = 2147483647;
			files = (
				675CBFF6201B60A700D97072 /* ViewController.swift in Sources */,
				675CBFF4201B60A700D97072 /* AppDelegate.swift in Sources */,
			);
			runOnlyForDeploymentPostprocessing = 0;
		};
		67F50EBC209A0285007942EF /* Sources */ = {
			isa = PBXSourcesBuildPhase;
			buildActionMask = 2147483647;
			files = (
				67471FC820A072AB007026CA /* RowsUpdateTranslationMatrix.swift in Sources */,
				67F50EDF209A0310007942EF /* PlaceholderUtils.swift in Sources */,
				67F50EE4209A0317007942EF /* RowsProvider+FromArray.swift in Sources */,
				67F50EE8209A031C007942EF /* SectionsProvider.swift in Sources */,
				67F50EE0209A0310007942EF /* WeakArray.swift in Sources */,
				67F50EF0209A0328007942EF /* TableViewCellGenerator.swift in Sources */,
				67F50EE3209A0317007942EF /* RowsProvider.swift in Sources */,
				67F50EE9209A0320007942EF /* AnyView.swift in Sources */,
				67F50EE6209A0317007942EF /* RowsUpdateDelegate.swift in Sources */,
				67F50EF5209A0338007942EF /* AnyView+ShowPopup.swift in Sources */,
				67F50EF3209A0331007942EF /* PlaceholderView.swift in Sources */,
				67F50EEF209A0328007942EF /* PlaceholderTableVC.swift in Sources */,
				67F50EF4209A0338007942EF /* PlaceholderVC.swift in Sources */,
				67F50EF2209A032D007942EF /* PlaceholderTableViewCell.swift in Sources */,
				67F50EEA209A0320007942EF /* CellGenerator.swift in Sources */,
				67F50EE1209A0310007942EF /* PassthroughWindow.swift in Sources */,
				67F50EE2209A0310007942EF /* PassthroughView.swift in Sources */,
				67F50EE5209A0317007942EF /* RowsProvider+ToArray.swift in Sources */,
			);
			runOnlyForDeploymentPostprocessing = 0;
		};
/* End PBXSourcesBuildPhase section */

/* Begin PBXTargetDependency section */
		67471FEB20A07FCA007026CA /* PBXTargetDependency */ = {
			isa = PBXTargetDependency;
			target = 67471FDE20A07F6E007026CA /* Placeholders+CoreData */;
			targetProxy = 67471FEA20A07FCA007026CA /* PBXContainerItemProxy */;
		};
		67F50ED5209A0285007942EF /* PBXTargetDependency */ = {
			isa = PBXTargetDependency;
			target = 67F50EC0209A0285007942EF /* Placeholders */;
			targetProxy = 67F50ED4209A0285007942EF /* PBXContainerItemProxy */;
		};
/* End PBXTargetDependency section */

/* Begin PBXVariantGroup section */
		67471FFC20A1F1B7007026CA /* Main.storyboard */ = {
			isa = PBXVariantGroup;
			children = (
				67471FFD20A1F1B7007026CA /* Base */,
			);
			name = Main.storyboard;
			sourceTree = "<group>";
		};
		6747200420A1F1B8007026CA /* LaunchScreen.storyboard */ = {
			isa = PBXVariantGroup;
			children = (
				6747200520A1F1B8007026CA /* Base */,
			);
			name = LaunchScreen.storyboard;
			sourceTree = "<group>";
		};
		675CBFF7201B60A700D97072 /* Main.storyboard */ = {
			isa = PBXVariantGroup;
			children = (
				675CBFF8201B60A700D97072 /* Base */,
			);
			name = Main.storyboard;
			sourceTree = "<group>";
		};
		675CBFFC201B60A700D97072 /* LaunchScreen.storyboard */ = {
			isa = PBXVariantGroup;
			children = (
				675CBFFD201B60A700D97072 /* Base */,
			);
			name = LaunchScreen.storyboard;
			sourceTree = "<group>";
		};
/* End PBXVariantGroup section */

/* Begin XCBuildConfiguration section */
		67471FE520A07F6E007026CA /* Debug */ = {
			isa = XCBuildConfiguration;
			buildSettings = {
				CLANG_ENABLE_MODULES = YES;
				CLANG_ENABLE_OBJC_WEAK = YES;
				CODE_SIGN_IDENTITY = "";
				CODE_SIGN_STYLE = Automatic;
				CURRENT_PROJECT_VERSION = 1;
				DEFINES_MODULE = YES;
				DYLIB_COMPATIBILITY_VERSION = 1;
				DYLIB_CURRENT_VERSION = 1;
				DYLIB_INSTALL_NAME_BASE = "@rpath";
				INFOPLIST_FILE = "Placeholders+CoreData/Info.plist";
				INSTALL_PATH = "$(LOCAL_LIBRARY_DIR)/Frameworks";
				IPHONEOS_DEPLOYMENT_TARGET = 8.0;
				LD_RUNPATH_SEARCH_PATHS = "$(inherited) @executable_path/Frameworks @loader_path/Frameworks";
				PRODUCT_BUNDLE_IDENTIFIER = "divnui.Placeholders-CoreData";
				PRODUCT_NAME = "$(TARGET_NAME:c99extidentifier)";
				SKIP_INSTALL = YES;
				SWIFT_OPTIMIZATION_LEVEL = "-Onone";
				SWIFT_VERSION = 4.0;
				TARGETED_DEVICE_FAMILY = "1,2";
				VERSIONING_SYSTEM = "apple-generic";
				VERSION_INFO_PREFIX = "";
			};
			name = Debug;
		};
		67471FE620A07F6E007026CA /* Release */ = {
			isa = XCBuildConfiguration;
			buildSettings = {
				CLANG_ENABLE_MODULES = YES;
				CLANG_ENABLE_OBJC_WEAK = YES;
				CODE_SIGN_IDENTITY = "";
				CODE_SIGN_STYLE = Automatic;
				CURRENT_PROJECT_VERSION = 1;
				DEFINES_MODULE = YES;
				DYLIB_COMPATIBILITY_VERSION = 1;
				DYLIB_CURRENT_VERSION = 1;
				DYLIB_INSTALL_NAME_BASE = "@rpath";
				INFOPLIST_FILE = "Placeholders+CoreData/Info.plist";
				INSTALL_PATH = "$(LOCAL_LIBRARY_DIR)/Frameworks";
				IPHONEOS_DEPLOYMENT_TARGET = 8.0;
				LD_RUNPATH_SEARCH_PATHS = "$(inherited) @executable_path/Frameworks @loader_path/Frameworks";
				PRODUCT_BUNDLE_IDENTIFIER = "divnui.Placeholders-CoreData";
				PRODUCT_NAME = "$(TARGET_NAME:c99extidentifier)";
				SKIP_INSTALL = YES;
				SWIFT_VERSION = 4.0;
				TARGETED_DEVICE_FAMILY = "1,2";
				VERSIONING_SYSTEM = "apple-generic";
				VERSION_INFO_PREFIX = "";
			};
			name = Release;
		};
		6747200920A1F1B8007026CA /* Debug */ = {
			isa = XCBuildConfiguration;
			buildSettings = {
				ASSETCATALOG_COMPILER_APPICON_NAME = AppIcon;
				CLANG_ENABLE_OBJC_WEAK = YES;
				CODE_SIGN_STYLE = Automatic;
				DEVELOPMENT_TEAM = 4E5RGWF5Z6;
				INFOPLIST_FILE = ExampleCoreData/Info.plist;
				IPHONEOS_DEPLOYMENT_TARGET = 11.3;
				LD_RUNPATH_SEARCH_PATHS = "$(inherited) @executable_path/Frameworks";
				PRODUCT_BUNDLE_IDENTIFIER = divnui.ExampleCoreData;
				PRODUCT_NAME = "$(TARGET_NAME)";
				SWIFT_VERSION = 4.0;
				TARGETED_DEVICE_FAMILY = "1,2";
			};
			name = Debug;
		};
		6747200A20A1F1B8007026CA /* Release */ = {
			isa = XCBuildConfiguration;
			buildSettings = {
				ASSETCATALOG_COMPILER_APPICON_NAME = AppIcon;
				CLANG_ENABLE_OBJC_WEAK = YES;
				CODE_SIGN_STYLE = Automatic;
				DEVELOPMENT_TEAM = 4E5RGWF5Z6;
				INFOPLIST_FILE = ExampleCoreData/Info.plist;
				IPHONEOS_DEPLOYMENT_TARGET = 11.3;
				LD_RUNPATH_SEARCH_PATHS = "$(inherited) @executable_path/Frameworks";
				PRODUCT_BUNDLE_IDENTIFIER = divnui.ExampleCoreData;
				PRODUCT_NAME = "$(TARGET_NAME)";
				SWIFT_VERSION = 4.0;
				TARGETED_DEVICE_FAMILY = "1,2";
			};
			name = Release;
		};
		675CC000201B60A700D97072 /* Debug */ = {
			isa = XCBuildConfiguration;
			buildSettings = {
				ALWAYS_SEARCH_USER_PATHS = NO;
				CLANG_ANALYZER_NONNULL = YES;
				CLANG_ANALYZER_NUMBER_OBJECT_CONVERSION = YES_AGGRESSIVE;
				CLANG_CXX_LANGUAGE_STANDARD = "gnu++14";
				CLANG_CXX_LIBRARY = "libc++";
				CLANG_ENABLE_MODULES = YES;
				CLANG_ENABLE_OBJC_ARC = YES;
				CLANG_WARN_BLOCK_CAPTURE_AUTORELEASING = YES;
				CLANG_WARN_BOOL_CONVERSION = YES;
				CLANG_WARN_COMMA = YES;
				CLANG_WARN_CONSTANT_CONVERSION = YES;
				CLANG_WARN_DEPRECATED_OBJC_IMPLEMENTATIONS = YES;
				CLANG_WARN_DIRECT_OBJC_ISA_USAGE = YES_ERROR;
				CLANG_WARN_DOCUMENTATION_COMMENTS = YES;
				CLANG_WARN_EMPTY_BODY = YES;
				CLANG_WARN_ENUM_CONVERSION = YES;
				CLANG_WARN_INFINITE_RECURSION = YES;
				CLANG_WARN_INT_CONVERSION = YES;
				CLANG_WARN_NON_LITERAL_NULL_CONVERSION = YES;
				CLANG_WARN_OBJC_IMPLICIT_RETAIN_SELF = YES;
				CLANG_WARN_OBJC_LITERAL_CONVERSION = YES;
				CLANG_WARN_OBJC_ROOT_CLASS = YES_ERROR;
				CLANG_WARN_RANGE_LOOP_ANALYSIS = YES;
				CLANG_WARN_STRICT_PROTOTYPES = YES;
				CLANG_WARN_SUSPICIOUS_MOVE = YES;
				CLANG_WARN_UNGUARDED_AVAILABILITY = YES_AGGRESSIVE;
				CLANG_WARN_UNREACHABLE_CODE = YES;
				CLANG_WARN__DUPLICATE_METHOD_MATCH = YES;
				CODE_SIGN_IDENTITY = "iPhone Developer";
				COPY_PHASE_STRIP = NO;
				DEBUG_INFORMATION_FORMAT = dwarf;
				ENABLE_STRICT_OBJC_MSGSEND = YES;
				ENABLE_TESTABILITY = YES;
				GCC_C_LANGUAGE_STANDARD = gnu11;
				GCC_DYNAMIC_NO_PIC = NO;
				GCC_NO_COMMON_BLOCKS = YES;
				GCC_OPTIMIZATION_LEVEL = 0;
				GCC_PREPROCESSOR_DEFINITIONS = (
					"DEBUG=1",
					"$(inherited)",
				);
				GCC_WARN_64_TO_32_BIT_CONVERSION = YES;
				GCC_WARN_ABOUT_RETURN_TYPE = YES_ERROR;
				GCC_WARN_UNDECLARED_SELECTOR = YES;
				GCC_WARN_UNINITIALIZED_AUTOS = YES_AGGRESSIVE;
				GCC_WARN_UNUSED_FUNCTION = YES;
				GCC_WARN_UNUSED_VARIABLE = YES;
				IPHONEOS_DEPLOYMENT_TARGET = 8.0;
				MTL_ENABLE_DEBUG_INFO = YES;
				ONLY_ACTIVE_ARCH = YES;
				SDKROOT = iphoneos;
				SWIFT_ACTIVE_COMPILATION_CONDITIONS = DEBUG;
				SWIFT_OPTIMIZATION_LEVEL = "-Onone";
			};
			name = Debug;
		};
		675CC001201B60A700D97072 /* Release */ = {
			isa = XCBuildConfiguration;
			buildSettings = {
				ALWAYS_SEARCH_USER_PATHS = NO;
				CLANG_ANALYZER_NONNULL = YES;
				CLANG_ANALYZER_NUMBER_OBJECT_CONVERSION = YES_AGGRESSIVE;
				CLANG_CXX_LANGUAGE_STANDARD = "gnu++14";
				CLANG_CXX_LIBRARY = "libc++";
				CLANG_ENABLE_MODULES = YES;
				CLANG_ENABLE_OBJC_ARC = YES;
				CLANG_WARN_BLOCK_CAPTURE_AUTORELEASING = YES;
				CLANG_WARN_BOOL_CONVERSION = YES;
				CLANG_WARN_COMMA = YES;
				CLANG_WARN_CONSTANT_CONVERSION = YES;
				CLANG_WARN_DEPRECATED_OBJC_IMPLEMENTATIONS = YES;
				CLANG_WARN_DIRECT_OBJC_ISA_USAGE = YES_ERROR;
				CLANG_WARN_DOCUMENTATION_COMMENTS = YES;
				CLANG_WARN_EMPTY_BODY = YES;
				CLANG_WARN_ENUM_CONVERSION = YES;
				CLANG_WARN_INFINITE_RECURSION = YES;
				CLANG_WARN_INT_CONVERSION = YES;
				CLANG_WARN_NON_LITERAL_NULL_CONVERSION = YES;
				CLANG_WARN_OBJC_IMPLICIT_RETAIN_SELF = YES;
				CLANG_WARN_OBJC_LITERAL_CONVERSION = YES;
				CLANG_WARN_OBJC_ROOT_CLASS = YES_ERROR;
				CLANG_WARN_RANGE_LOOP_ANALYSIS = YES;
				CLANG_WARN_STRICT_PROTOTYPES = YES;
				CLANG_WARN_SUSPICIOUS_MOVE = YES;
				CLANG_WARN_UNGUARDED_AVAILABILITY = YES_AGGRESSIVE;
				CLANG_WARN_UNREACHABLE_CODE = YES;
				CLANG_WARN__DUPLICATE_METHOD_MATCH = YES;
				CODE_SIGN_IDENTITY = "iPhone Developer";
				COPY_PHASE_STRIP = NO;
				DEBUG_INFORMATION_FORMAT = "dwarf-with-dsym";
				ENABLE_NS_ASSERTIONS = NO;
				ENABLE_STRICT_OBJC_MSGSEND = YES;
				GCC_C_LANGUAGE_STANDARD = gnu11;
				GCC_NO_COMMON_BLOCKS = YES;
				GCC_WARN_64_TO_32_BIT_CONVERSION = YES;
				GCC_WARN_ABOUT_RETURN_TYPE = YES_ERROR;
				GCC_WARN_UNDECLARED_SELECTOR = YES;
				GCC_WARN_UNINITIALIZED_AUTOS = YES_AGGRESSIVE;
				GCC_WARN_UNUSED_FUNCTION = YES;
				GCC_WARN_UNUSED_VARIABLE = YES;
				IPHONEOS_DEPLOYMENT_TARGET = 8.0;
				MTL_ENABLE_DEBUG_INFO = NO;
				SDKROOT = iphoneos;
				SWIFT_OPTIMIZATION_LEVEL = "-Owholemodule";
				VALIDATE_PRODUCT = YES;
			};
			name = Release;
		};
		675CC003201B60A700D97072 /* Debug */ = {
			isa = XCBuildConfiguration;
			buildSettings = {
				ALWAYS_EMBED_SWIFT_STANDARD_LIBRARIES = YES;
				ASSETCATALOG_COMPILER_APPICON_NAME = AppIcon;
				CLANG_ENABLE_MODULES = YES;
				CODE_SIGN_STYLE = Automatic;
				INFOPLIST_FILE = ExampleSimple/Info.plist;
				LD_RUNPATH_SEARCH_PATHS = "$(inherited) @executable_path/Frameworks";
				PRODUCT_BUNDLE_IDENTIFIER = divniy.ExampleSimple;
				PRODUCT_NAME = "$(TARGET_NAME)";
				SWIFT_INSTALL_OBJC_HEADER = NO;
				SWIFT_OBJC_BRIDGING_HEADER = "";
				SWIFT_OPTIMIZATION_LEVEL = "-Onone";
				SWIFT_VERSION = 4.0;
				TARGETED_DEVICE_FAMILY = "1,2";
			};
			name = Debug;
		};
		675CC004201B60A700D97072 /* Release */ = {
			isa = XCBuildConfiguration;
			buildSettings = {
				ALWAYS_EMBED_SWIFT_STANDARD_LIBRARIES = YES;
				ASSETCATALOG_COMPILER_APPICON_NAME = AppIcon;
				CLANG_ENABLE_MODULES = YES;
				CODE_SIGN_STYLE = Automatic;
				INFOPLIST_FILE = ExampleSimple/Info.plist;
				LD_RUNPATH_SEARCH_PATHS = "$(inherited) @executable_path/Frameworks";
				PRODUCT_BUNDLE_IDENTIFIER = divniy.ExampleSimple;
				PRODUCT_NAME = "$(TARGET_NAME)";
				SWIFT_INSTALL_OBJC_HEADER = NO;
				SWIFT_OBJC_BRIDGING_HEADER = "";
				SWIFT_VERSION = 4.0;
				TARGETED_DEVICE_FAMILY = "1,2";
			};
			name = Release;
		};
		67F50ED9209A0285007942EF /* Debug */ = {
			isa = XCBuildConfiguration;
			buildSettings = {
				CLANG_ENABLE_OBJC_WEAK = YES;
				CLANG_WARN_DEPRECATED_OBJC_IMPLEMENTATIONS = YES;
				CLANG_WARN_OBJC_IMPLICIT_RETAIN_SELF = YES;
				CODE_SIGN_IDENTITY = "";
				CODE_SIGN_STYLE = Automatic;
				CURRENT_PROJECT_VERSION = 1;
				DEFINES_MODULE = YES;
				DYLIB_COMPATIBILITY_VERSION = 1;
				DYLIB_CURRENT_VERSION = 1;
				DYLIB_INSTALL_NAME_BASE = "@rpath";
				INFOPLIST_FILE = Placeholders/Info.plist;
				INSTALL_PATH = "$(LOCAL_LIBRARY_DIR)/Frameworks";
				IPHONEOS_DEPLOYMENT_TARGET = 8.0;
				LD_RUNPATH_SEARCH_PATHS = "$(inherited) @executable_path/Frameworks @loader_path/Frameworks";
				PRODUCT_BUNDLE_IDENTIFIER = divniy.Placeholders;
				PRODUCT_NAME = "$(TARGET_NAME:c99extidentifier)";
				SKIP_INSTALL = YES;
				SWIFT_VERSION = 4.0;
				TARGETED_DEVICE_FAMILY = "1,2";
				VERSIONING_SYSTEM = "apple-generic";
				VERSION_INFO_PREFIX = "";
			};
			name = Debug;
		};
		67F50EDA209A0285007942EF /* Release */ = {
			isa = XCBuildConfiguration;
			buildSettings = {
				CLANG_ENABLE_OBJC_WEAK = YES;
				CLANG_WARN_DEPRECATED_OBJC_IMPLEMENTATIONS = YES;
				CLANG_WARN_OBJC_IMPLICIT_RETAIN_SELF = YES;
				CODE_SIGN_IDENTITY = "";
				CODE_SIGN_STYLE = Automatic;
				CURRENT_PROJECT_VERSION = 1;
				DEFINES_MODULE = YES;
				DYLIB_COMPATIBILITY_VERSION = 1;
				DYLIB_CURRENT_VERSION = 1;
				DYLIB_INSTALL_NAME_BASE = "@rpath";
				INFOPLIST_FILE = Placeholders/Info.plist;
				INSTALL_PATH = "$(LOCAL_LIBRARY_DIR)/Frameworks";
				IPHONEOS_DEPLOYMENT_TARGET = 8.0;
				LD_RUNPATH_SEARCH_PATHS = "$(inherited) @executable_path/Frameworks @loader_path/Frameworks";
				PRODUCT_BUNDLE_IDENTIFIER = divniy.Placeholders;
				PRODUCT_NAME = "$(TARGET_NAME:c99extidentifier)";
				SKIP_INSTALL = YES;
				SWIFT_VERSION = 4.0;
				TARGETED_DEVICE_FAMILY = "1,2";
				VERSIONING_SYSTEM = "apple-generic";
				VERSION_INFO_PREFIX = "";
			};
			name = Release;
		};
/* End XCBuildConfiguration section */

/* Begin XCConfigurationList section */
		67471FE420A07F6E007026CA /* Build configuration list for PBXNativeTarget "Placeholders+CoreData" */ = {
			isa = XCConfigurationList;
			buildConfigurations = (
				67471FE520A07F6E007026CA /* Debug */,
				67471FE620A07F6E007026CA /* Release */,
			);
			defaultConfigurationIsVisible = 0;
			defaultConfigurationName = Release;
		};
		6747200820A1F1B8007026CA /* Build configuration list for PBXNativeTarget "ExampleCoreData" */ = {
			isa = XCConfigurationList;
			buildConfigurations = (
				6747200920A1F1B8007026CA /* Debug */,
				6747200A20A1F1B8007026CA /* Release */,
			);
			defaultConfigurationIsVisible = 0;
			defaultConfigurationName = Release;
		};
		675CBFEB201B60A700D97072 /* Build configuration list for PBXProject "Placeholders" */ = {
			isa = XCConfigurationList;
			buildConfigurations = (
				675CC000201B60A700D97072 /* Debug */,
				675CC001201B60A700D97072 /* Release */,
			);
			defaultConfigurationIsVisible = 0;
			defaultConfigurationName = Release;
		};
		675CC002201B60A700D97072 /* Build configuration list for PBXNativeTarget "ExampleSimple" */ = {
			isa = XCConfigurationList;
			buildConfigurations = (
				675CC003201B60A700D97072 /* Debug */,
				675CC004201B60A700D97072 /* Release */,
			);
			defaultConfigurationIsVisible = 0;
			defaultConfigurationName = Release;
		};
		67F50EDD209A0285007942EF /* Build configuration list for PBXNativeTarget "Placeholders" */ = {
			isa = XCConfigurationList;
			buildConfigurations = (
				67F50ED9209A0285007942EF /* Debug */,
				67F50EDA209A0285007942EF /* Release */,
			);
			defaultConfigurationIsVisible = 0;
			defaultConfigurationName = Release;
		};
/* End XCConfigurationList section */

/* Begin XCVersionGroup section */
		67471FFF20A1F1B7007026CA /* ExampleCoreData.xcdatamodeld */ = {
			isa = XCVersionGroup;
			children = (
				6747200020A1F1B7007026CA /* ExampleCoreData.xcdatamodel */,
			);
			currentVersion = 6747200020A1F1B7007026CA /* ExampleCoreData.xcdatamodel */;
			path = ExampleCoreData.xcdatamodeld;
			sourceTree = "<group>";
			versionGroupType = wrapper.xcdatamodel;
		};
/* End XCVersionGroup section */
	};
	rootObject = 675CBFE8201B60A700D97072 /* Project object */;
}
